
Microsoft Visual Studio Solution File, Format Version 12.00
# Visual Studio Version 16
VisualStudioVersion = 16.0.29806.167
MinimumVisualStudioVersion = 10.0.40219.1
Project("{8BC9CEB8-8B4A-11D0-8D11-00A0C91BC942}") = "c++lab1_baselvl", "c++lab1_baselvl.vcxproj", "{6A6CF832-0B73-47DF-BCC4-25C02EC67677}"
EndProject
Project("{8BC9CEB8-8B4A-11D0-8D11-00A0C91BC942}") = "c++lab1_midlelvl", "..\c++lab1_midlelvl\c++lab1_midlelvl.vcxproj", "{C74A4A39-2950-420D-92C9-0B2364FDED14}"
EndProject
Project("{8BC9CEB8-8B4A-11D0-8D11-00A0C91BC942}") = "c++lab1_highlvl", "..\c++lab1_highlvl\c++lab1_highlvl.vcxproj", "{4A156F31-E350-46E8-85FC-FA7C723EF2CE}"
EndProject
Global
	GlobalSection(SolutionConfigurationPlatforms) = preSolution
		Debug|x64 = Debug|x64
		Debug|x86 = Debug|x86
		Release|x64 = Release|x64
		Release|x86 = Release|x86
	EndGlobalSection
	GlobalSection(ProjectConfigurationPlatforms) = postSolution
		{6A6CF832-0B73-47DF-BCC4-25C02EC67677}.Debug|x64.ActiveCfg = Debug|x64
		{6A6CF832-0B73-47DF-BCC4-25C02EC67677}.Debug|x64.Build.0 = Debug|x64
		{6A6CF832-0B73-47DF-BCC4-25C02EC67677}.Debug|x86.ActiveCfg = Debug|Win32
		{6A6CF832-0B73-47DF-BCC4-25C02EC67677}.Debug|x86.Build.0 = Debug|Win32
		{6A6CF832-0B73-47DF-BCC4-25C02EC67677}.Release|x64.ActiveCfg = Release|x64
		{6A6CF832-0B73-47DF-BCC4-25C02EC67677}.Release|x64.Build.0 = Release|x64
		{6A6CF832-0B73-47DF-BCC4-25C02EC67677}.Release|x86.ActiveCfg = Release|Win32
		{6A6CF832-0B73-47DF-BCC4-25C02EC67677}.Release|x86.Build.0 = Release|Win32
		{C74A4A39-2950-420D-92C9-0B2364FDED14}.Debug|x64.ActiveCfg = Debug|x64
		{C74A4A39-2950-420D-92C9-0B2364FDED14}.Debug|x64.Build.0 = Debug|x64
		{C74A4A39-2950-420D-92C9-0B2364FDED14}.Debug|x86.ActiveCfg = Debug|Win32
		{C74A4A39-2950-420D-92C9-0B2364FDED14}.Debug|x86.Build.0 = Debug|Win32
		{C74A4A39-2950-420D-92C9-0B2364FDED14}.Release|x64.ActiveCfg = Release|x64
		{C74A4A39-2950-420D-92C9-0B2364FDED14}.Release|x64.Build.0 = Release|x64
		{C74A4A39-2950-420D-92C9-0B2364FDED14}.Release|x86.ActiveCfg = Release|Win32
		{C74A4A39-2950-420D-92C9-0B2364FDED14}.Release|x86.Build.0 = Release|Win32
		{4A156F31-E350-46E8-85FC-FA7C723EF2CE}.Debug|x64.ActiveCfg = Debug|x64
		{4A156F31-E350-46E8-85FC-FA7C723EF2CE}.Debug|x64.Build.0 = Debug|x64
		{4A156F31-E350-46E8-85FC-FA7C723EF2CE}.Debug|x86.ActiveCfg = Debug|Win32
		{4A156F31-E350-46E8-85FC-FA7C723EF2CE}.Debug|x86.Build.0 = Debug|Win32
		{4A156F31-E350-46E8-85FC-FA7C723EF2CE}.Release|x64.ActiveCfg = Release|x64
		{4A156F31-E350-46E8-85FC-FA7C723EF2CE}.Release|x64.Build.0 = Release|x64
		{4A156F31-E350-46E8-85FC-FA7C723EF2CE}.Release|x86.ActiveCfg = Release|Win32
		{4A156F31-E350-46E8-85FC-FA7C723EF2CE}.Release|x86.Build.0 = Release|Win32
	EndGlobalSection
	GlobalSection(SolutionProperties) = preSolution
		HideSolutionNode = FALSE
	EndGlobalSection
	GlobalSection(ExtensibilityGlobals) = postSolution
		SolutionGuid = {F2AB172D-5C09-476A-BA59-448CF54EE84C}
	EndGlobalSection
EndGlobal
